{
  "nodes": {
    "astro-nvim": {
      "flake": false,
      "locked": {
        "lastModified": 1710957235,
        "narHash": "sha256-69DBcOpjDZBMOQGz8obMBFpEBeoSWuXZ4CNAK2GqI+M=",
        "owner": "AstroNvim",
        "repo": "AstroNvim",
        "rev": "0da3fa834137597f13e53196c8c6f7e1425601ea",
        "type": "github"
      },
      "original": {
        "owner": "AstroNvim",
        "repo": "AstroNvim",
        "type": "github"
      }
    },
    "buildbot-nix": {
      "inputs": {
        "flake-parts": [
          "flake-parts"
        ],
        "nixpkgs": [
          "nixpkgs"
        ],
        "treefmt-nix": [
          "treefmt-nix"
        ]
      },
      "locked": {
        "lastModified": 1711849358,
        "narHash": "sha256-lgFh6l4JrqxSNkErPVl/aUCcLDK3PKnkEBbzeWbD2p4=",
        "owner": "Mic92",
        "repo": "buildbot-nix",
        "rev": "e902a347ea333a7bcefa5c43f6ceb607afa2f7e6",
        "type": "github"
      },
      "original": {
        "owner": "Mic92",
        "repo": "buildbot-nix",
        "type": "github"
      }
    },
    "clan-core": {
      "inputs": {
        "disko": [
          "disko"
        ],
        "flake-parts": [
          "flake-parts"
        ],
        "nixos-generators": [
          "nixos-generators"
        ],
        "nixpkgs": [
          "nixpkgs"
        ],
        "sops-nix": [
          "sops-nix"
        ],
        "treefmt-nix": [
          "treefmt-nix"
        ]
      },
      "locked": {
        "lastModified": 1711930288,
        "narHash": "sha256-S3RjLzwlJgvoyMeNJAO+U9OzpaxVQpINPfzmSMQxxWU=",
        "ref": "refs/heads/main",
        "rev": "d075b1865355273ccf58bbb55ae69c1ee01b7277",
        "revCount": 2382,
        "type": "git",
        "url": "https://git.clan.lol/clan/clan-core"
      },
      "original": {
        "type": "git",
        "url": "https://git.clan.lol/clan/clan-core"
      }
    },
    "crane": {
      "inputs": {
        "nixpkgs": [
          "lanzaboote",
          "nixpkgs"
        ]
      },
      "locked": {
        "lastModified": 1711299236,
        "narHash": "sha256-6/JsyozOMKN8LUGqWMopKTSiK8N79T8Q+hcxu2KkTXg=",
        "owner": "ipetkov",
        "repo": "crane",
        "rev": "880573f80d09e18a11713f402b9e6172a085449f",
        "type": "github"
      },
      "original": {
        "owner": "ipetkov",
        "repo": "crane",
        "type": "github"
      }
    },
    "disko": {
      "inputs": {
        "nixpkgs": [
          "nixpkgs"
        ]
      },
      "locked": {
        "lastModified": 1711934712,
        "narHash": "sha256-sBDe+QmX/QohlnKeSEzrftcXyZL5FY09OMjZ59Rpyy4=",
        "owner": "nix-community",
        "repo": "disko",
        "rev": "611c9ea53250f7bb22286b3d26872280a0e608f9",
        "type": "github"
      },
      "original": {
        "owner": "nix-community",
        "repo": "disko",
        "type": "github"
      }
    },
    "fast-flake-update": {
      "inputs": {
        "flake-parts": [
          "flake-parts"
        ],
        "nixpkgs": [
          "nixpkgs"
        ],
        "treefmt-nix": [
          "treefmt-nix"
        ]
      },
      "locked": {
        "lastModified": 1711932545,
        "narHash": "sha256-9IPGyB1Jq1HXZ/XQPmAsI9M3fIV4sgw/RUkNZScY4Eg=",
        "owner": "Mic92",
        "repo": "fast-flake-update",
        "rev": "02caacccb667325fa2fef82f1ca2883747018067",
        "type": "github"
      },
      "original": {
        "owner": "Mic92",
        "repo": "fast-flake-update",
        "type": "github"
      }
    },
    "flake-compat": {
      "flake": false,
      "locked": {
        "lastModified": 1696426674,
        "narHash": "sha256-kvjfFW7WAETZlt09AgDn1MrtKzP7t90Vf7vypd3OL1U=",
        "owner": "edolstra",
        "repo": "flake-compat",
        "rev": "0f9255e01c2351cc7d116c072cb317785dd33b33",
        "type": "github"
      },
      "original": {
        "owner": "edolstra",
        "repo": "flake-compat",
        "type": "github"
      }
    },
    "flake-parts": {
      "inputs": {
        "nixpkgs-lib": [
          "nixpkgs"
        ]
      },
      "locked": {
        "lastModified": 1709336216,
        "narHash": "sha256-Dt/wOWeW6Sqm11Yh+2+t0dfEWxoMxGBvv3JpIocFl9E=",
        "owner": "hercules-ci",
        "repo": "flake-parts",
        "rev": "f7b3c975cf067e56e7cda6cb098ebe3fb4d74ca2",
        "type": "github"
      },
      "original": {
        "owner": "hercules-ci",
        "repo": "flake-parts",
        "type": "github"
      }
    },
    "flake-registry": {
      "flake": false,
      "locked": {
        "lastModified": 1705308826,
        "narHash": "sha256-Z3xTYZ9EcRIqZAufZbci912MUKB0sD+qxi/KTGMFVwY=",
        "owner": "NixOS",
        "repo": "flake-registry",
        "rev": "9c69f7bd2363e71fe5cd7f608113290c7614dcdd",
        "type": "github"
      },
      "original": {
        "owner": "NixOS",
        "repo": "flake-registry",
        "type": "github"
      }
    },
    "flake-utils": {
      "inputs": {
        "systems": "systems"
      },
      "locked": {
        "lastModified": 1710146030,
        "narHash": "sha256-SZ5L6eA7HJ/nmkzGG7/ISclqe6oZdOZTNoesiInkXPQ=",
        "owner": "numtide",
        "repo": "flake-utils",
        "rev": "b1d9ab70662946ef0850d488da1c9019f3a9752a",
        "type": "github"
      },
      "original": {
        "owner": "numtide",
        "repo": "flake-utils",
        "type": "github"
      }
    },
    "hercules-ci-effects": {
      "inputs": {
        "flake-parts": [
          "flake-parts"
        ],
        "nixpkgs": [
          "nixpkgs"
        ]
      },
      "locked": {
        "lastModified": 1710478346,
        "narHash": "sha256-Xjf8BdnQG0tLhPMlqQdwCIjOp7Teox0DP3N/jjyiGM4=",
        "owner": "hercules-ci",
        "repo": "hercules-ci-effects",
        "rev": "64e7763d72c1e4c1e5e6472640615b6ae2d40fbf",
        "type": "github"
      },
      "original": {
        "owner": "hercules-ci",
        "repo": "hercules-ci-effects",
        "type": "github"
      }
    },
    "home-manager": {
      "inputs": {
        "nixpkgs": [
          "nixpkgs"
        ]
      },
      "locked": {
        "lastModified": 1711915616,
        "narHash": "sha256-co6LoFA+j6BZEeJNSR8nZ4oOort5qYPskjrDHBaJgmo=",
        "owner": "nix-community",
        "repo": "home-manager",
        "rev": "820be197ccf3adaad9a8856ef255c13b6cc561a6",
        "type": "github"
      },
      "original": {
        "owner": "nix-community",
        "repo": "home-manager",
        "type": "github"
      }
    },
    "lanzaboote": {
      "inputs": {
        "crane": "crane",
        "flake-compat": [],
        "flake-parts": [
          "flake-parts"
        ],
        "flake-utils": [
          "flake-utils"
        ],
        "nixpkgs": [
          "nixpkgs"
        ],
        "pre-commit-hooks-nix": [],
        "rust-overlay": "rust-overlay"
      },
      "locked": {
        "lastModified": 1711442573,
        "narHash": "sha256-/A3YzcY5erYOPojp5Ffwgxv4X5MTnRiWwuaXfgXbK2g=",
        "owner": "nix-community",
        "repo": "lanzaboote",
        "rev": "df7ac26bd24fac8baa94d60a02c3e0f0d4d16368",
        "type": "github"
      },
      "original": {
        "owner": "nix-community",
        "repo": "lanzaboote",
        "type": "github"
      }
    },
    "nether": {
      "inputs": {
        "clan-core": [
          "clan-core"
        ],
        "nixpkgs": [
          "nixpkgs"
        ]
      },
      "locked": {
        "lastModified": 1709175178,
        "narHash": "sha256-t3soMFueNSuODEksnLn2B2eiXViPyeptiI919t1r7ks=",
        "owner": "Lassulus",
        "repo": "nether",
        "rev": "0fdc0b015615ccc43defc42d0f330796960b9e15",
        "type": "github"
      },
      "original": {
        "owner": "Lassulus",
        "repo": "nether",
        "type": "github"
      }
    },
    "nix-darwin": {
      "inputs": {
        "nixpkgs": [
          "nixpkgs"
        ]
      },
      "locked": {
        "lastModified": 1711763326,
        "narHash": "sha256-sXcesZWKXFlEQ8oyGHnfk4xc9f2Ip0X/+YZOq3sKviI=",
        "owner": "LnL7",
        "repo": "nix-darwin",
        "rev": "36524adc31566655f2f4d55ad6b875fb5c1a4083",
        "type": "github"
      },
      "original": {
        "owner": "LnL7",
        "repo": "nix-darwin",
        "type": "github"
      }
    },
    "nix-index-database": {
      "inputs": {
        "nixpkgs": [
          "nixpkgs"
        ]
      },
      "locked": {
        "lastModified": 1711854532,
        "narHash": "sha256-JPStavwlT7TfxxiXHk6Q7sbNxtnXAIjXQJMLO0KB6M0=",
        "owner": "nix-community",
        "repo": "nix-index-database",
        "rev": "2844b5f3ad3b478468151bd101370b9d8ef8a3a7",
        "type": "github"
      },
      "original": {
        "owner": "nix-community",
        "repo": "nix-index-database",
        "type": "github"
      }
    },
    "nix-ld-rs": {
      "inputs": {
        "flake-compat": "flake-compat",
        "flake-utils": [
          "flake-utils"
        ],
        "nixpkgs": [
          "nixpkgs"
        ]
      },
      "locked": {
        "lastModified": 1711333167,
        "narHash": "sha256-j0yUDFX7cyoM5r9afQ45tfu8wqUk0dRicOb79+K81JI=",
        "owner": "nix-community",
        "repo": "nix-ld-rs",
        "rev": "76999cac5abefc7862b19daeef0ef91d4270fb17",
        "type": "github"
      },
      "original": {
        "owner": "nix-community",
        "repo": "nix-ld-rs",
        "type": "github"
      }
    },
    "nixos-generators": {
      "inputs": {
        "nixlib": [
          "nixpkgs"
        ],
        "nixpkgs": [
          "nixpkgs"
        ]
      },
      "locked": {
        "lastModified": 1711932680,
        "narHash": "sha256-CEpVtyB7uyRprTuiG+lpWWMvM/C0CbY/dbBuxT5BDwM=",
        "owner": "nix-community",
        "repo": "nixos-generators",
        "rev": "1f4c32ca4295bb7cca1e48a2f39b65490b249b0b",
        "type": "github"
      },
      "original": {
        "owner": "nix-community",
        "repo": "nixos-generators",
        "type": "github"
      }
    },
    "nixos-hardware": {
      "locked": {
        "lastModified": 1711352745,
        "narHash": "sha256-luvqik+i3HTvCbXQZgB6uggvEcxI9uae0nmrgtXJ17U=",
        "owner": "NixOS",
        "repo": "nixos-hardware",
        "rev": "9a763a7acc4cfbb8603bb0231fec3eda864f81c0",
        "type": "github"
      },
      "original": {
        "owner": "NixOS",
        "repo": "nixos-hardware",
        "type": "github"
      }
    },
    "nixos-wiki": {
      "inputs": {
        "disko": [
          "disko"
        ],
        "flake-parts": [
          "flake-parts"
        ],
        "nixpkgs": [
          "nixpkgs"
        ],
        "sops-nix": [
          "sops-nix"
        ],
        "srvos": [
          "srvos"
        ],
        "treefmt-nix": [
          "treefmt-nix"
        ]
      },
      "locked": {
        "lastModified": 1709763231,
        "narHash": "sha256-AbbF4EzGTHnRXYgn2AtlFpE29uhdjJPO09OwU34DBzs=",
        "owner": "Mic92",
        "repo": "nixos-wiki-infra",
        "rev": "dbc4a2947b5839fe7d3e3f70e0917c58fe2ec252",
        "type": "github"
      },
      "original": {
        "owner": "Mic92",
        "repo": "nixos-wiki-infra",
        "type": "github"
      }
    },
    "nixpkgs": {
      "locked": {
        "lastModified": 1711571804,
        "narHash": "sha256-ZiDkFcsiWtU6rZaS4AvqNrX/KCyRucVqjIkNFwuZkBQ=",
        "owner": "Mic92",
        "repo": "nixpkgs",
        "rev": "1c2af6c896d0da1cc24d04b403df968aafd97a29",
        "type": "github"
      },
      "original": {
        "owner": "Mic92",
        "ref": "main",
        "repo": "nixpkgs",
        "type": "github"
      }
    },
    "nur-packages": {
      "inputs": {
        "nixpkgs": [
          "nixpkgs"
        ]
      },
      "locked": {
        "lastModified": 1709911894,
        "narHash": "sha256-nkclQ2Um1BdcvkrxMZFn2wQCnToNFik9LQ0kQNpBMow=",
        "owner": "Mic92",
        "repo": "nur-packages",
        "rev": "e3731d5a478fdd7ac7748e74de17d3c6e05e0102",
        "type": "github"
      },
      "original": {
        "owner": "Mic92",
        "repo": "nur-packages",
        "type": "github"
      }
    },
    "retiolum": {
      "locked": {
        "lastModified": 1710877137,
        "narHash": "sha256-oc6CXM2abODnQ4q+/A5a+9SXrdRVp5pwyv7rKO/YUiw=",
        "owner": "Mic92",
        "repo": "retiolum",
        "rev": "3506e34e564a777015718007ec9b8847fcd38637",
        "type": "github"
      },
      "original": {
        "owner": "Mic92",
        "repo": "retiolum",
        "type": "github"
      }
    },
    "root": {
      "inputs": {
        "astro-nvim": "astro-nvim",
        "buildbot-nix": "buildbot-nix",
        "clan-core": "clan-core",
        "disko": "disko",
        "fast-flake-update": "fast-flake-update",
        "flake-parts": "flake-parts",
        "flake-registry": "flake-registry",
        "flake-utils": "flake-utils",
        "hercules-ci-effects": "hercules-ci-effects",
        "home-manager": "home-manager",
        "lanzaboote": "lanzaboote",
        "nether": "nether",
        "nix-darwin": "nix-darwin",
        "nix-index-database": "nix-index-database",
        "nix-ld-rs": "nix-ld-rs",
        "nixos-generators": "nixos-generators",
        "nixos-hardware": "nixos-hardware",
        "nixos-wiki": "nixos-wiki",
        "nixpkgs": "nixpkgs",
        "nur-packages": "nur-packages",
        "retiolum": "retiolum",
        "sops-nix": "sops-nix",
        "srvos": "srvos",
        "treefmt-nix": "treefmt-nix"
      }
    },
    "rust-overlay": {
      "inputs": {
        "flake-utils": [
          "lanzaboote",
          "flake-utils"
        ],
        "nixpkgs": [
          "lanzaboote",
          "nixpkgs"
        ]
      },
      "locked": {
        "lastModified": 1711246447,
        "narHash": "sha256-g9TOluObcOEKewFo2fR4cn51Y/jSKhRRo4QZckHLop0=",
        "owner": "oxalica",
        "repo": "rust-overlay",
        "rev": "dcc802a6ec4e9cc6a1c8c393327f0c42666f22e4",
        "type": "github"
      },
      "original": {
        "owner": "oxalica",
        "repo": "rust-overlay",
        "type": "github"
      }
    },
    "sops-nix": {
      "inputs": {
        "nixpkgs": [
          "nixpkgs"
        ],
        "nixpkgs-stable": []
      },
      "locked": {
        "lastModified": 1711119062,
        "narHash": "sha256-pJGGsuQpVvZwMxJfQH0DGtIEFc25MdqLiWeJfGcSJIY=",
        "owner": "Mic92",
        "repo": "sops-nix",
        "rev": "de84e9c41eb67c121bb9bfd19361351e6b68dd84",
        "type": "github"
      },
      "original": {
        "owner": "Mic92",
        "ref": "yubikey-support",
        "repo": "sops-nix",
        "type": "github"
      }
    },
    "srvos": {
      "inputs": {
        "nixpkgs": [
          "nixpkgs"
        ]
      },
      "locked": {
        "lastModified": 1711932894,
        "narHash": "sha256-aiMc4JHJU72cbkeHPDBE8pQEOel/RrW8YkGXelRvFn8=",
        "owner": "numtide",
        "repo": "srvos",
        "rev": "e5a5f15acaff9daa69e7ef5596f6985ec695685f",
        "type": "github"
      },
      "original": {
        "owner": "numtide",
        "repo": "srvos",
        "type": "github"
      }
    },
    "systems": {
      "locked": {
        "lastModified": 1681028828,
        "narHash": "sha256-Vy1rq5AaRuLzOxct8nz4T6wlgyUR7zLU309k9mBC768=",
        "owner": "nix-systems",
        "repo": "default",
        "rev": "da67096a3b9bf56a91d16901293e51ba5b49a27e",
        "type": "github"
      },
      "original": {
        "owner": "nix-systems",
        "repo": "default",
        "type": "github"
      }
    },
    "treefmt-nix": {
      "inputs": {
        "nixpkgs": [
          "nixpkgs"
        ]
      },
      "locked": {
        "lastModified": 1711803027,
        "narHash": "sha256-Qic3OvsVLpetchzaIe2hJqgliWXACq2Oee6mBXa/IZQ=",
        "owner": "numtide",
        "repo": "treefmt-nix",
        "rev": "1810d51a015c1730f2fe05a255258649799df416",
        "type": "github"
      },
      "original": {
        "owner": "numtide",
        "repo": "treefmt-nix",
        "type": "github"
      }
    }
  },
  "root": "root",
  "version": 7
}
