{
  "nodes": {
    "blueprint": {
      "inputs": {
        "nixpkgs": [
          "nixpkgs"
        ],
        "systems": [
          "systems"
        ]
      },
      "locked": {
        "lastModified": 1763308703,
        "narHash": "sha256-O9Y+Wer8wOh+N+4kcCK5p/VLrXyX+ktk0/s3HdZvJzk=",
        "owner": "numtide",
        "repo": "blueprint",
        "rev": "5a9bba070f801d63e2af3c9ef00b86b212429f4f",
        "type": "github"
      },
      "original": {
        "owner": "numtide",
        "repo": "blueprint",
        "type": "github"
      }
    },
    "buildbot-nix": {
      "inputs": {
        "flake-parts": [
          "flake-parts"
        ],
        "hercules-ci-effects": [],
        "nixpkgs": [
          "nixpkgs"
        ],
        "treefmt-nix": [
          "treefmt-nix"
        ]
      },
      "locked": {
        "lastModified": 1765229650,
        "narHash": "sha256-i+nRqDnqnkytva/3uVjAIMlkv8fh/BOTpYIq5EunBOQ=",
        "ref": "refs/heads/main",
        "rev": "af5a582396fa643e640b77674143cee1ac633f95",
        "shallow": true,
        "type": "git",
        "url": "https://github.com/nix-community/buildbot-nix"
      },
      "original": {
        "shallow": true,
        "type": "git",
        "url": "https://github.com/nix-community/buildbot-nix"
      }
    },
    "clan-core": {
      "inputs": {
        "data-mesher": [
          "data-mesher"
        ],
        "disko": [
          "disko"
        ],
        "flake-parts": [
          "flake-parts"
        ],
        "nix-darwin": [
          "nix-darwin"
        ],
        "nix-select": "nix-select",
        "nixos-facter-modules": [
          "nixos-facter-modules"
        ],
        "nixpkgs": [
          "nixpkgs"
        ],
        "sops-nix": [
          "sops-nix"
        ],
        "systems": [
          "systems"
        ],
        "treefmt-nix": [
          "treefmt-nix"
        ]
      },
      "locked": {
        "lastModified": 1765843783,
        "narHash": "sha256-w6YKl4cePSe/JQMpswzdo8BBLNOqZ0RPXrp0YToeEXE=",
        "rev": "ba0d5dd90304ec89266773ff92edb4ced1e1e8f5",
        "type": "tarball",
        "url": "https://git.clan.lol/api/v1/repos/clan/clan-core/archive/ba0d5dd90304ec89266773ff92edb4ced1e1e8f5.tar.gz"
      },
      "original": {
        "type": "tarball",
        "url": "https://git.clan.lol/clan/clan-core/archive/main.tar.gz"
      }
    },
    "crane": {
      "locked": {
        "lastModified": 1765739568,
        "narHash": "sha256-gQYx35Of4UDKUjAYvmxjUEh/DdszYeTtT6MDin4loGE=",
        "owner": "ipetkov",
        "repo": "crane",
        "rev": "67d2baff0f9f677af35db61b32b5df6863bcc075",
        "type": "github"
      },
      "original": {
        "owner": "ipetkov",
        "repo": "crane",
        "type": "github"
      }
    },
    "data-mesher": {
      "inputs": {
        "flake-parts": [
          "flake-parts"
        ],
        "nixpkgs": [
          "nixpkgs"
        ],
        "treefmt-nix": [
          "treefmt-nix"
        ]
      },
      "locked": {
        "lastModified": 1765768061,
        "narHash": "sha256-RZ/ocDUJ3WPr2KcDc2MB6Fu+ZPqzwsMKQ16XxqrPi+o=",
        "ref": "refs/heads/main",
        "rev": "53351f9953ecf9dbe18795b4784abe53b14e6eee",
        "shallow": true,
        "type": "git",
        "url": "https://git.clan.lol/clan/data-mesher"
      },
      "original": {
        "shallow": true,
        "type": "git",
        "url": "https://git.clan.lol/clan/data-mesher"
      }
    },
    "direnv-instant": {
      "inputs": {
        "flake-parts": [
          "flake-parts"
        ],
        "nixpkgs": [
          "nixpkgs"
        ],
        "treefmt-nix": [
          "treefmt-nix"
        ]
      },
      "locked": {
        "lastModified": 1765783616,
        "narHash": "sha256-Q7jTQSKUjtptdYHkLyFkxxNQMwRj8ocFksaJW1a74Cg=",
        "owner": "Mic92",
        "repo": "direnv-instant",
        "rev": "1c247e133ba15784b4ae5d192666dc5de26642b4",
        "type": "github"
      },
      "original": {
        "owner": "Mic92",
        "repo": "direnv-instant",
        "type": "github"
      }
    },
    "disko": {
      "inputs": {
        "nixpkgs": [
          "nixpkgs"
        ]
      },
      "locked": {
        "lastModified": 1765794845,
        "narHash": "sha256-YD5QWlGnusNbZCqR3pxG8tRxx9yUXayLZfAJRWspq2s=",
        "owner": "nix-community",
        "repo": "disko",
        "rev": "7194cfe5b7a3660726b0fe7296070eaef601cae9",
        "type": "github"
      },
      "original": {
        "owner": "nix-community",
        "repo": "disko",
        "type": "github"
      }
    },
    "flake-fmt": {
      "inputs": {
        "nixpkgs": [
          "nixpkgs"
        ]
      },
      "locked": {
        "lastModified": 1762657788,
        "narHash": "sha256-5BiuUcg3ZTquHqK8c8KoPQPHy48pn6AWRYQw7KvkYgM=",
        "owner": "Mic92",
        "repo": "flake-fmt",
        "rev": "4191b9dccc5616ea132834eb4e17cca032d927dc",
        "type": "github"
      },
      "original": {
        "owner": "Mic92",
        "repo": "flake-fmt",
        "type": "github"
      }
    },
    "flake-parts": {
      "inputs": {
        "nixpkgs-lib": [
          "nixpkgs"
        ]
      },
      "locked": {
        "lastModified": 1765835352,
        "narHash": "sha256-XswHlK/Qtjasvhd1nOa1e8MgZ8GS//jBoTqWtrS1Giw=",
        "owner": "hercules-ci",
        "repo": "flake-parts",
        "rev": "a34fae9c08a15ad73f295041fec82323541400a9",
        "type": "github"
      },
      "original": {
        "owner": "hercules-ci",
        "repo": "flake-parts",
        "type": "github"
      }
    },
    "flake-registry": {
      "flake": false,
      "locked": {
        "lastModified": 1763556067,
        "narHash": "sha256-q2jzJQdsJMpD3dbuNphQJgwx6XeGPonWOp43U0nY7o0=",
        "owner": "NixOS",
        "repo": "flake-registry",
        "rev": "cb70c9306b44501de412649c356dee503a25f119",
        "type": "github"
      },
      "original": {
        "owner": "NixOS",
        "repo": "flake-registry",
        "type": "github"
      }
    },
    "flake-utils": {
      "inputs": {
        "systems": [
          "systems"
        ]
      },
      "locked": {
        "lastModified": 1731533236,
        "narHash": "sha256-l0KFg5HjrsfsO/JpG+r7fRrqm12kzFHyUHqHCVpMMbI=",
        "owner": "numtide",
        "repo": "flake-utils",
        "rev": "11707dc2f618dd54ca8739b309ec4fc024de578b",
        "type": "github"
      },
      "original": {
        "owner": "numtide",
        "repo": "flake-utils",
        "type": "github"
      }
    },
    "harmonia": {
      "inputs": {
        "crane": [
          "crane"
        ],
        "flake-parts": [
          "flake-parts"
        ],
        "nix": [
          "nix"
        ],
        "nixpkgs": [
          "nixpkgs"
        ],
        "treefmt-nix": [
          "treefmt-nix"
        ]
      },
      "locked": {
        "lastModified": 1765821618,
        "narHash": "sha256-nT1YzF8SFpltEsq3P9UvaA4aKtjvW1iUZh93g6+yYRw=",
        "owner": "nix-community",
        "repo": "harmonia",
        "rev": "a57f0fcd5b2b7045114111ba5952e8c920df9a96",
        "type": "github"
      },
      "original": {
        "owner": "nix-community",
        "repo": "harmonia",
        "type": "github"
      }
    },
    "hercules-ci-effects": {
      "inputs": {
        "flake-parts": [
          "flake-parts"
        ],
        "nixpkgs": [
          "nixpkgs"
        ]
      },
      "locked": {
        "lastModified": 1765774562,
        "narHash": "sha256-UQhfCggNGDc7eam+EittlYmeW89CZVT1KkFIHZWBH7k=",
        "ref": "refs/heads/master",
        "rev": "edcbb19948b6caf1700434e369fde6ff9e6a3c93",
        "shallow": true,
        "type": "git",
        "url": "https://github.com/hercules-ci/hercules-ci-effects"
      },
      "original": {
        "shallow": true,
        "type": "git",
        "url": "https://github.com/hercules-ci/hercules-ci-effects"
      }
    },
    "home-manager": {
      "inputs": {
        "nixpkgs": [
          "nixpkgs"
        ]
      },
      "locked": {
        "lastModified": 1765823531,
        "narHash": "sha256-tyNJjd48hfgsyEfsq1Ueufg4oJv6b8xBA6NYRJrLPyg=",
        "owner": "nix-community",
        "repo": "home-manager",
        "rev": "8315c1544f383b791a3115c9959d1f27920e8320",
        "type": "github"
      },
      "original": {
        "owner": "nix-community",
        "repo": "home-manager",
        "type": "github"
      }
    },
    "llm-agents": {
      "inputs": {
        "blueprint": [
          "blueprint"
        ],
        "nixpkgs": [
          "nixpkgs"
        ],
        "treefmt-nix": [
          "treefmt-nix"
        ]
      },
      "locked": {
        "lastModified": 1765854155,
        "narHash": "sha256-yrECdmBoMhUAA8FqUJ1LbtDjuwn+38OkFgRrwbEq/DU=",
        "owner": "numtide",
        "repo": "llm-agents.nix",
        "rev": "9ee377d02d7e50e2903d9c7fa53138aebd9ae944",
        "type": "github"
      },
      "original": {
        "owner": "numtide",
        "repo": "llm-agents.nix",
        "type": "github"
      }
    },
    "n8n-nodes-caldav": {
      "inputs": {
        "flake-parts": [
          "flake-parts"
        ],
        "nixpkgs": [
          "nixpkgs"
        ],
        "treefmt-nix": [
          "treefmt-nix"
        ]
      },
      "locked": {
        "lastModified": 1762637980,
        "narHash": "sha256-4E4ylnwzMASBLDzGK6tJFvSid/oj53bYZOQzRvCgwYQ=",
        "owner": "Mic92",
        "repo": "n8n-nodes-caldav",
        "rev": "88806650296873aa5b5d83885498afd490c23715",
        "type": "github"
      },
      "original": {
        "owner": "Mic92",
        "repo": "n8n-nodes-caldav",
        "type": "github"
      }
    },
    "niks3": {
      "inputs": {
        "flake-parts": [
          "flake-parts"
        ],
        "nixpkgs": [
          "nixpkgs"
        ],
        "process-compose": "process-compose",
        "treefmt-nix": [
          "treefmt-nix"
        ]
      },
      "locked": {
        "lastModified": 1765787795,
        "narHash": "sha256-pCifayTTb+7ZEasE9qE9wPiTj5vgZxHSWvSe2xwdQn8=",
        "owner": "Mic92",
        "repo": "niks3",
        "rev": "28533adce799ad0910725c4d953a8e581f9fd5ab",
        "type": "github"
      },
      "original": {
        "owner": "Mic92",
        "repo": "niks3",
        "type": "github"
      }
    },
    "nix": {
      "inputs": {
        "flake-compat": [],
        "flake-parts": [],
        "git-hooks-nix": [],
        "nixpkgs": [
          "nixpkgs"
        ],
        "nixpkgs-23-11": [],
        "nixpkgs-regression": []
      },
      "locked": {
        "lastModified": 1765821126,
        "narHash": "sha256-A61ZMVstu4oinRxoep8S3vODGNtZhdlDjcdTsIkbet8=",
        "ref": "refs/heads/main",
        "rev": "fc029d5cb509f8fd568fd531a7ba40889e802198",
        "shallow": true,
        "type": "git",
        "url": "https://github.com/Mic92/nix-1"
      },
      "original": {
        "shallow": true,
        "type": "git",
        "url": "https://github.com/Mic92/nix-1"
      }
    },
    "nix-casks": {
      "inputs": {
        "flake-parts": [
          "flake-parts"
        ],
        "nixpkgs": [
          "nixpkgs"
        ],
        "treefmt-nix": [
          "treefmt-nix"
        ]
      },
      "locked": {
        "lastModified": 1765843270,
        "narHash": "sha256-Pv1lejv1lRvTwfKic3BLwpjfb27LA/q41KTYISOuZs4=",
        "owner": "atahanyorganci",
        "repo": "nix-casks",
        "rev": "e7470d2e69ef64a64c6d8d05c8887eea827c44af",
        "type": "github"
      },
      "original": {
        "owner": "atahanyorganci",
        "ref": "archive",
        "repo": "nix-casks",
        "type": "github"
      }
    },
    "nix-darwin": {
      "inputs": {
        "nixpkgs": [
          "nixpkgs"
        ]
      },
      "locked": {
        "lastModified": 1765684049,
        "narHash": "sha256-svCS2r984qEowMT0y3kCrsD/m0J6zaF5I/UusS7QaH0=",
        "owner": "nix-darwin",
        "repo": "nix-darwin",
        "rev": "9b628e171bfaea1a3d1edf31eee46251e0fe4a33",
        "type": "github"
      },
      "original": {
        "owner": "nix-darwin",
        "repo": "nix-darwin",
        "type": "github"
      }
    },
    "nix-diff-rs": {
      "inputs": {
        "flake-parts": [
          "flake-parts"
        ],
        "nixpkgs": [
          "nixpkgs"
        ],
        "treefmt-nix": [
          "treefmt-nix"
        ]
      },
      "locked": {
        "lastModified": 1765684586,
        "narHash": "sha256-BPonyQTPJ64HAbMmwz95jf/9V1QnPBW4DT7q1AsSaVs=",
        "owner": "Mic92",
        "repo": "nix-diff-rs",
        "rev": "84367b0841a92504fede41f951dadfee23dbc8e9",
        "type": "github"
      },
      "original": {
        "owner": "Mic92",
        "repo": "nix-diff-rs",
        "type": "github"
      }
    },
    "nix-index-database": {
      "inputs": {
        "nixpkgs": [
          "nixpkgs"
        ]
      },
      "locked": {
        "lastModified": 1765267181,
        "narHash": "sha256-d3NBA9zEtBu2JFMnTBqWj7Tmi7R5OikoU2ycrdhQEws=",
        "owner": "nix-community",
        "repo": "nix-index-database",
        "rev": "82befcf7dc77c909b0f2a09f5da910ec95c5b78f",
        "type": "github"
      },
      "original": {
        "owner": "nix-community",
        "repo": "nix-index-database",
        "type": "github"
      }
    },
    "nix-select": {
      "locked": {
        "lastModified": 1763303120,
        "narHash": "sha256-yxcNOha7Cfv2nhVpz9ZXSNKk0R7wt4AiBklJ8D24rVg=",
        "rev": "3d1e3860bef36857a01a2ddecba7cdb0a14c35a9",
        "type": "tarball",
        "url": "https://git.clan.lol/api/v1/repos/clan/nix-select/archive/3d1e3860bef36857a01a2ddecba7cdb0a14c35a9.tar.gz"
      },
      "original": {
        "type": "tarball",
        "url": "https://git.clan.lol/clan/nix-select/archive/main.tar.gz"
      }
    },
    "nix-tree-rs": {
      "inputs": {
        "flake-parts": [
          "flake-parts"
        ],
        "nixpkgs": [
          "nixpkgs"
        ],
        "treefmt-nix": [
          "treefmt-nix"
        ]
      },
      "locked": {
        "lastModified": 1764607004,
        "narHash": "sha256-+ZAXr3+ygG10wG8ZHOpTSIDxkjBxWw9I3i4NScYbyvo=",
        "owner": "Mic92",
        "repo": "nix-tree-rs",
        "rev": "67594f286aa456e8d62dc70818f508cf09811dfa",
        "type": "github"
      },
      "original": {
        "owner": "Mic92",
        "repo": "nix-tree-rs",
        "type": "github"
      }
    },
    "nixos-facter-modules": {
      "locked": {
        "lastModified": 1765442039,
        "narHash": "sha256-k3lYQ+A1F7aTz8HnlU++bd9t/x/NP2A4v9+x6opcVg0=",
        "owner": "numtide",
        "repo": "nixos-facter-modules",
        "rev": "9dd775ee92de63f14edd021d59416e18ac2c00f1",
        "type": "github"
      },
      "original": {
        "owner": "numtide",
        "repo": "nixos-facter-modules",
        "type": "github"
      }
    },
    "nixos-hardware": {
      "locked": {
        "lastModified": 1764440730,
        "narHash": "sha256-ZlJTNLUKQRANlLDomuRWLBCH5792x+6XUJ4YdFRjtO4=",
        "owner": "NixOS",
        "repo": "nixos-hardware",
        "rev": "9154f4569b6cdfd3c595851a6ba51bfaa472d9f3",
        "type": "github"
      },
      "original": {
        "owner": "NixOS",
        "repo": "nixos-hardware",
        "type": "github"
      }
    },
    "nixpkgs": {
      "locked": {
        "lastModified": 1765723736,
        "narHash": "sha256-pA0grNR39V1ZaNhTTt5gNypH/Szxp4dwdq0t7rR7QnE=",
        "ref": "main",
        "rev": "97741cb0f15aca409a4d85e13d42d7e8ccbc34ab",
        "shallow": true,
        "type": "git",
        "url": "https://github.com/Mic92/nixpkgs"
      },
      "original": {
        "ref": "main",
        "shallow": true,
        "type": "git",
        "url": "https://github.com/Mic92/nixpkgs"
      }
    },
    "nur-packages": {
      "inputs": {
        "nixpkgs": [
          "nixpkgs"
        ]
      },
      "locked": {
        "lastModified": 1765683466,
        "narHash": "sha256-GwjcE8Fe1p9tw/GdtcbrNgJBgqljTv3Ud4O7+62szSI=",
        "owner": "Mic92",
        "repo": "nur-packages",
        "rev": "5ca6d8bf2fc10cb01863f492ca62010046741ac7",
        "type": "github"
      },
      "original": {
        "owner": "Mic92",
        "repo": "nur-packages",
        "type": "github"
      }
    },
    "process-compose": {
      "locked": {
        "lastModified": 1764915241,
        "narHash": "sha256-vTqn6IAkZhuuctvkxjhzI1EEybyzwaNd7HJvhF662O8=",
        "owner": "Platonic-Systems",
        "repo": "process-compose-flake",
        "rev": "36678818ecbd0e06a60740a291c55b683fec79dd",
        "type": "github"
      },
      "original": {
        "owner": "Platonic-Systems",
        "repo": "process-compose-flake",
        "type": "github"
      }
    },
    "retiolum": {
      "inputs": {
        "nix-darwin": [
          "nix-darwin"
        ],
        "nixpkgs": [
          "nixpkgs"
        ]
      },
      "locked": {
        "lastModified": 1763208925,
        "narHash": "sha256-m5e01IaKMAn9p6j628Ke07Y9elhx9J6uAbBNa+KmSG8=",
        "ref": "refs/heads/master",
        "rev": "464830e9b0547c47d725c86feb49bbafccb2d722",
        "shallow": true,
        "type": "git",
        "url": "https://github.com/Mic92/retiolum"
      },
      "original": {
        "shallow": true,
        "type": "git",
        "url": "https://github.com/Mic92/retiolum"
      }
    },
    "root": {
      "inputs": {
        "blueprint": "blueprint",
        "buildbot-nix": "buildbot-nix",
        "clan-core": "clan-core",
        "crane": "crane",
        "data-mesher": "data-mesher",
        "direnv-instant": "direnv-instant",
        "disko": "disko",
        "flake-fmt": "flake-fmt",
        "flake-parts": "flake-parts",
        "flake-registry": "flake-registry",
        "flake-utils": "flake-utils",
        "harmonia": "harmonia",
        "hercules-ci-effects": "hercules-ci-effects",
        "home-manager": "home-manager",
        "llm-agents": "llm-agents",
        "n8n-nodes-caldav": "n8n-nodes-caldav",
        "niks3": "niks3",
        "nix": "nix",
        "nix-casks": "nix-casks",
        "nix-darwin": "nix-darwin",
        "nix-diff-rs": "nix-diff-rs",
        "nix-index-database": "nix-index-database",
        "nix-tree-rs": "nix-tree-rs",
        "nixos-facter-modules": "nixos-facter-modules",
        "nixos-hardware": "nixos-hardware",
        "nixpkgs": "nixpkgs",
        "nur-packages": "nur-packages",
        "retiolum": "retiolum",
        "sops-nix": "sops-nix",
        "srvos": "srvos",
        "strace-macos": "strace-macos",
        "systems": "systems",
        "treefmt-nix": "treefmt-nix"
      }
    },
    "sops-nix": {
      "inputs": {
        "nixpkgs": [
          "nixpkgs"
        ]
      },
      "locked": {
        "lastModified": 1765836173,
        "narHash": "sha256-hWRYfdH2ONI7HXbqZqW8Q1y9IRbnXWvtvt/ONZovSNY=",
        "owner": "Mic92",
        "repo": "sops-nix",
        "rev": "443a7f2e7e118c4fc63b7fae05ab3080dd0e5c63",
        "type": "github"
      },
      "original": {
        "owner": "Mic92",
        "repo": "sops-nix",
        "type": "github"
      }
    },
    "srvos": {
      "inputs": {
        "nixpkgs": [
          "nixpkgs"
        ]
      },
      "locked": {
        "lastModified": 1765840762,
        "narHash": "sha256-4/FBert3MYpKjwEM85tXDi9OQkdLKygoFSmKJ8pEkro=",
        "owner": "nix-community",
        "repo": "srvos",
        "rev": "e6c8b81a7eabacf6b93c7fe18f7a0bf6a7493f33",
        "type": "github"
      },
      "original": {
        "owner": "nix-community",
        "repo": "srvos",
        "type": "github"
      }
    },
    "strace-macos": {
      "inputs": {
        "flake-parts": [
          "flake-parts"
        ],
        "nixpkgs": [
          "nixpkgs"
        ],
        "treefmt-nix": [
          "treefmt-nix"
        ]
      },
      "locked": {
        "lastModified": 1764115561,
        "narHash": "sha256-K9+8eG/yGySrVpYWzA/TZ8CTqdmx24QDW+VLRrQtiiA=",
        "owner": "Mic92",
        "repo": "strace-macos",
        "rev": "3b541b71016371a6b49ebfc13c83943353f67ead",
        "type": "github"
      },
      "original": {
        "owner": "Mic92",
        "repo": "strace-macos",
        "type": "github"
      }
    },
    "systems": {
      "locked": {
        "lastModified": 1681028828,
        "narHash": "sha256-Vy1rq5AaRuLzOxct8nz4T6wlgyUR7zLU309k9mBC768=",
        "owner": "nix-systems",
        "repo": "default",
        "rev": "da67096a3b9bf56a91d16901293e51ba5b49a27e",
        "type": "github"
      },
      "original": {
        "owner": "nix-systems",
        "repo": "default",
        "type": "github"
      }
    },
    "treefmt-nix": {
      "inputs": {
        "nixpkgs": [
          "nixpkgs"
        ]
      },
      "locked": {
        "lastModified": 1762938485,
        "narHash": "sha256-AlEObg0syDl+Spi4LsZIBrjw+snSVU4T8MOeuZJUJjM=",
        "owner": "numtide",
        "repo": "treefmt-nix",
        "rev": "5b4ee75aeefd1e2d5a1cc43cf6ba65eba75e83e4",
        "type": "github"
      },
      "original": {
        "owner": "numtide",
        "repo": "treefmt-nix",
        "type": "github"
      }
    }
  },
  "root": "root",
  "version": 7
}
