{
  "nodes": {
    "nixpkgs": {
      "locked": {
        "lastModified": 1640418986,
        "narHash": "sha256-a8GGtxn2iL3WAkY5H+4E0s3Q7XJt6bTOvos9qqxT5OQ=",
        "owner": "NixOS",
        "repo": "nixpkgs",
        "rev": "5c37ad87222cfc1ec36d6cd1364514a9efc2f7f2",
        "type": "github"
      },
      "original": {
        "owner": "NixOS",
        "ref": "nixpkgs-unstable",
        "repo": "nixpkgs",
        "type": "github"
      }
    },
    "root": {
      "inputs": {
        "nixpkgs": "nixpkgs"
      }
    }
  },
  "root": "root",
  "version": 7
}
