{
  "nodes": {
    "flake-modules-core": {
      "inputs": {
        "nixpkgs": [
          "nixpkgs"
        ]
      },
      "locked": {
        "lastModified": 1652946772,
        "narHash": "sha256-ANAf2XHxiZhQx8lY+pYcEF74Jnf5ua2dhl+nGVHuX3Q=",
        "owner": "hercules-ci",
        "repo": "flake-modules-core",
        "rev": "0263a393a2c259ca80df20174a9f49ec3343fe4e",
        "type": "github"
      },
      "original": {
        "owner": "hercules-ci",
        "repo": "flake-modules-core",
        "type": "github"
      }
    },
    "flake-utils": {
      "locked": {
        "lastModified": 1652776076,
        "narHash": "sha256-gzTw/v1vj4dOVbpBSJX4J0DwUR6LIyXo7/SuuTJp1kM=",
        "owner": "numtide",
        "repo": "flake-utils",
        "rev": "04c1b180862888302ddfb2e3ad9eaa63afc60cf8",
        "type": "github"
      },
      "original": {
        "owner": "numtide",
        "repo": "flake-utils",
        "type": "github"
      }
    },
    "nixpkgs": {
      "locked": {
        "lastModified": 1652840887,
        "narHash": "sha256-gEK4NNa4GwIgTZE63kt/4WTFAWRTJVSa30+h4ZjFh9U=",
        "owner": "nixos",
        "repo": "nixpkgs",
        "rev": "52dc75a4fee3fdbcb792cb6fba009876b912bfe0",
        "type": "github"
      },
      "original": {
        "owner": "nixos",
        "ref": "nixpkgs-unstable",
        "repo": "nixpkgs",
        "type": "github"
      }
    },
    "poetry2nix": {
      "inputs": {
        "flake-utils": "flake-utils",
        "nixpkgs": [
          "nixpkgs"
        ]
      },
      "locked": {
        "lastModified": 1652674754,
        "narHash": "sha256-L1gjiqWZ1r262gnOpk9iWRH2s67n4ZFGfWoHatZFNBc=",
        "owner": "nix-community",
        "repo": "poetry2nix",
        "rev": "749fc8ebd4e30f02a326b4e1a2bd93990b759f31",
        "type": "github"
      },
      "original": {
        "owner": "nix-community",
        "repo": "poetry2nix",
        "type": "github"
      }
    },
    "root": {
      "inputs": {
        "flake-modules-core": "flake-modules-core",
        "nixpkgs": "nixpkgs",
        "poetry2nix": "poetry2nix"
      }
    }
  },
  "root": "root",
  "version": 7
}
