[[package]]
name = "demjson3"
version = "3.0.5"
description = "encoder, decoder, and lint/validator for JSON (JavaScript Object Notation) compliant with RFC 7159"
category = "main"
optional = false
python-versions = "*"

[[package]]
name = "tokenize-output"
version = "0.4.6"
description = "Get identifiers, names, paths, URLs and words from the command output."
category = "main"
optional = false
python-versions = ">=3.6"

[package.dependencies]
demjson3 = "*"

[[package]]
name = "xonsh"
version = "0.12.4"
description = "Python-powered, cross-platform, Unix-gazing shell"
category = "main"
optional = false
python-versions = ">=3.8"

[package.extras]
full = ["prompt-toolkit (>=3.0.27)", "pyperclip", "pygments (>=2.2)", "gnureadline", "distro", "setproctitle"]
linux = ["distro"]
mac = ["gnureadline"]
proctitle = ["setproctitle"]
ptk = ["prompt-toolkit (>=3.0.27)", "pyperclip"]
pygments = ["pygments (>=2.2)"]
zipapp = ["importlib-resources"]

[[package]]
name = "xonsh-direnv"
version = "1.5.0"
description = "direnv support for the xonsh shell"
category = "main"
optional = false
python-versions = "*"
develop = false

[package.source]
type = "git"
url = "https://github.com/74th/xonsh-direnv"
reference = "master"
resolved_reference = "85c9a378599ab560cf2d41b8a5c1f15a233aa228"

[[package]]
name = "xontrib-back2dir"
version = "0.1.1"
description = "Return to the most recently used directory when starting the xonsh shell."
category = "main"
optional = false
python-versions = ">=3.6"
develop = false

[package.source]
type = "git"
url = "https://github.com/anki-code/xontrib-back2dir"
reference = "master"
resolved_reference = "47db0688ad80ff41b08f609b34aacc4e2f056885"

[[package]]
name = "xontrib-dracula"
version = "0.1.1"
description = "A Dracula theme for xonsh."
category = "main"
optional = false
python-versions = ">=3.6"
develop = false

[package.dependencies]
xonsh = "*"

[package.source]
type = "git"
url = "https://github.com/agoose77/xontrib-dracula"
reference = "main"
resolved_reference = "9aa0ca53a5585d3b49522f4392120686e96ff731"

[[package]]
name = "xontrib-fzf-widgets"
version = "0.0.4"
description = ""
category = "main"
optional = false
python-versions = "*"
develop = false

[package.dependencies]
xonsh = ">=0.10"

[package.source]
type = "git"
url = "https://github.com/Mic92/xontrib-fzf-widgets"
reference = "patch-1"
resolved_reference = "9acbced589c1e4e8ec7fe7a8437ed102638fed6d"

[[package]]
name = "xontrib-output-search"
version = "0.5.5"
description = ""
category = "main"
optional = false
python-versions = ">=3.6"
develop = false

[package.dependencies]
tokenize-output = "*"

[package.source]
type = "git"
url = "https://github.com/tokenizer/xontrib-output-search"
reference = "master"
resolved_reference = "0cc68d6466d838f4bd35a9d4761d6ff9f6df6f1a"

[[package]]
name = "xontrib-prompt-starship"
version = "0.2.0"
description = ""
category = "main"
optional = false
python-versions = ">=3.6"
develop = false

[package.dependencies]
xonsh = "*"

[package.source]
type = "git"
url = "https://github.com/anki-code/xontrib-prompt-starship"
reference = "master"
resolved_reference = "cd031590c9c0a78c919b02dadc15ce093046ee45"

[[package]]
name = "xontrib-sh"
version = "0.3.0"
description = "Paste and run commands from bash, zsh, fish, tcsh, pwsh, cmd in xonsh shell."
category = "main"
optional = false
python-versions = ">=3.6"
develop = false

[package.source]
type = "git"
url = "https://github.com/anki-code/xontrib-sh"
reference = "main"
resolved_reference = "789efc4c21b632fcdf8067bd452497523228aae2"

[metadata]
lock-version = "1.1"
python-versions = "^3.9"
content-hash = "904a0da1821f24149ca857da55c06df3fe58b2d62b1bdc35be6120e333e02015"

[metadata.files]
demjson3 = [
    {file = "demjson3-3.0.5.tar.gz", hash = "sha256:ab9aabdd85695f3684fc296f39766a2730f6c8de81d23f7048073dfe2f616d80"},
]
tokenize-output = [
    {file = "tokenize-output-0.4.6.tar.gz", hash = "sha256:8e11a3b602c8e08fbdd0139057e44f2069e814785ad197a7fdfae0eda9f54d89"},
    {file = "tokenize_output-0.4.6-py3-none-any.whl", hash = "sha256:f76689de4bbbc6320d66d8aca9cd36ab368df532bbb02ab3266cab2c82ffe05b"},
]
xonsh = [
    {file = "xonsh-0.12.4.tar.gz", hash = "sha256:a3d394db471097762ecbdedcd35686efd1aac3b5885f614501403f6d09628a76"},
]
xonsh-direnv = []
xontrib-back2dir = []
xontrib-dracula = []
xontrib-fzf-widgets = []
xontrib-output-search = []
xontrib-prompt-starship = []
xontrib-sh = []
